{
  "requires": true,
  "lockfileVersion": 1,
  "dependencies": {
    "@mdi/js": {
      "version": "4.5.95",
      "resolved": "https://registry.npmjs.org/@mdi/js/-/js-4.5.95.tgz",
      "integrity": "sha512-zQ6LqK/B61/ASwoR26AauCLfNc6u/SyTwsnWF0WLcSIh+oe+A7rQbioYT3eSsQch1gC+1Ejk8YDfD7gDk0FUXg=="
    }
  }
}
